
Microsoft Visual Studio Solution File, Format Version 12.00
# Visual Studio Version 17
VisualStudioVersion = 17.7.34018.315
MinimumVisualStudioVersion = 10.0.40219.1
Project("{FAE04EC0-301F-11D3-BF4B-00C04F79EFBC}") = "ConsoleApp31", "ConsoleApp31\ConsoleApp31.csproj", "{E4236CC2-339B-4B1D-A545-8B1268A30332}"
EndProject
Global
	GlobalSection(SolutionConfigurationPlatforms) = preSolution
		Debug|Any CPU = Debug|Any CPU
		Release|Any CPU = Release|Any CPU
	EndGlobalSection
	GlobalSection(ProjectConfigurationPlatforms) = postSolution
		{E4236CC2-339B-4B1D-A545-8B1268A30332}.Debug|Any CPU.ActiveCfg = Debug|Any CPU
		{E4236CC2-339B-4B1D-A545-8B1268A30332}.Debug|Any CPU.Build.0 = Debug|Any CPU
		{E4236CC2-339B-4B1D-A545-8B1268A30332}.Release|Any CPU.ActiveCfg = Release|Any CPU
		{E4236CC2-339B-4B1D-A545-8B1268A30332}.Release|Any CPU.Build.0 = Release|Any CPU
	EndGlobalSection
	GlobalSection(SolutionProperties) = preSolution
		HideSolutionNode = FALSE
	EndGlobalSection
	GlobalSection(ExtensibilityGlobals) = postSolution
		SolutionGuid = {84BD58D8-E1C5-4262-92B4-254F6FD41B6A}
	EndGlobalSection
EndGlobal
